# This file is generated by running "yarn install" inside your project.
# Manual changes might be lost - proceed with caution!

__metadata:
  version: 8
  cacheKey: 10c0

"greenzone@workspace:.":
  version: 0.0.0-use.local
  resolution: "greenzone@workspace:."
  dependencies:
    lucide-react: "npm:^0.487.0"
  languageName: unknown
  linkType: soft

"lucide-react@npm:^0.487.0":
  version: 0.487.0
  resolution: "lucide-react@npm:0.487.0"
  peerDependencies:
    react: ^16.5.1 || ^17.0.0 || ^18.0.0 || ^19.0.0
  checksum: 10c0/7177778c584b8e9545957bef28e95841c4be1b3bf473f9e2e64454c3e183d7ed0bc977c9f7b5446088023c7000151b7a3b27398d4f70025bf343782192f653ca
  languageName: node
  linkType: hard
